
Microsoft Visual Studio Solution File, Format Version 12.00
# Visual Studio Version 17
VisualStudioVersion = 17.1.32414.318
MinimumVisualStudioVersion = 10.0.40219.1
Project("{FAE04EC0-301F-11D3-BF4B-00C04F79EFBC}") = "GolfCourseMVC.Server", "Server\GolfCourseMVC.Server.csproj", "{007F7B63-1A20-4497-A294-C65146FECAA9}"
EndProject
Project("{FAE04EC0-301F-11D3-BF4B-00C04F79EFBC}") = "GolfCourseMVC.Client", "Client\GolfCourseMVC.Client.csproj", "{2C042102-7A42-41EA-97CC-F8EA1E40A97B}"
EndProject
Project("{FAE04EC0-301F-11D3-BF4B-00C04F79EFBC}") = "GolfCourseMVC.Shared", "Shared\GolfCourseMVC.Shared.csproj", "{F3BBC1CF-94C1-4AEA-8F50-461E34A87456}"
EndProject
Global
	GlobalSection(SolutionConfigurationPlatforms) = preSolution
		Debug|Any CPU = Debug|Any CPU
		Release|Any CPU = Release|Any CPU
	EndGlobalSection
	GlobalSection(ProjectConfigurationPlatforms) = postSolution
		{007F7B63-1A20-4497-A294-C65146FECAA9}.Debug|Any CPU.ActiveCfg = Debug|Any CPU
		{007F7B63-1A20-4497-A294-C65146FECAA9}.Debug|Any CPU.Build.0 = Debug|Any CPU
		{007F7B63-1A20-4497-A294-C65146FECAA9}.Release|Any CPU.ActiveCfg = Release|Any CPU
		{007F7B63-1A20-4497-A294-C65146FECAA9}.Release|Any CPU.Build.0 = Release|Any CPU
		{2C042102-7A42-41EA-97CC-F8EA1E40A97B}.Debug|Any CPU.ActiveCfg = Debug|Any CPU
		{2C042102-7A42-41EA-97CC-F8EA1E40A97B}.Debug|Any CPU.Build.0 = Debug|Any CPU
		{2C042102-7A42-41EA-97CC-F8EA1E40A97B}.Release|Any CPU.ActiveCfg = Release|Any CPU
		{2C042102-7A42-41EA-97CC-F8EA1E40A97B}.Release|Any CPU.Build.0 = Release|Any CPU
		{F3BBC1CF-94C1-4AEA-8F50-461E34A87456}.Debug|Any CPU.ActiveCfg = Debug|Any CPU
		{F3BBC1CF-94C1-4AEA-8F50-461E34A87456}.Debug|Any CPU.Build.0 = Debug|Any CPU
		{F3BBC1CF-94C1-4AEA-8F50-461E34A87456}.Release|Any CPU.ActiveCfg = Release|Any CPU
		{F3BBC1CF-94C1-4AEA-8F50-461E34A87456}.Release|Any CPU.Build.0 = Release|Any CPU
	EndGlobalSection
	GlobalSection(SolutionProperties) = preSolution
		HideSolutionNode = FALSE
	EndGlobalSection
	GlobalSection(ExtensibilityGlobals) = postSolution
		SolutionGuid = {B78D5154-E891-4113-AC78-75E2DE93E5DD}
	EndGlobalSection
EndGlobal
